{
  "lockVersion": 1,
  "installed": {
    "kdco/background-agents": {
      "registry": "kdco",
      "version": "1.0.0",
      "hash": "16754272d7ba2a3472db4cc50427993c0a37e17016a0cb692d819bf6f87e4b8c",
      "files": [
        ".opencode/plugin/background-agents.ts"
      ],
      "installedAt": "2026-01-07T17:35:04.388Z"
    },
    "kdco/workspace-plugin": {
      "registry": "kdco",
      "version": "1.0.0",
      "hash": "2ba7fb5622f10dd3c4da244dbff627e0d830e60beeee186cbcacc4203dd69350",
      "files": [
        ".opencode/plugin/workspace-plugin.ts"
      ],
      "installedAt": "2026-01-07T17:35:04.388Z"
    },
    "kdco/plan-protocol": {
      "registry": "kdco",
      "version": "1.0.0",
      "hash": "bee4b844ee705305eb692d82e48122bcbc2d69e84eda56d37c6caf1b8e3e6f42",
      "files": [
        ".opencode/skill/plan-protocol/SKILL.md"
      ],
      "installedAt": "2026-01-07T17:35:04.388Z"
    },
    "kdco/researcher": {
      "registry": "kdco",
      "version": "1.0.0",
      "hash": "750b46976f47a9716146fc495042ced167e4edf341a483c549e19b761c1ba5bd",
      "files": [
        ".opencode/agent/researcher.md"
      ],
      "installedAt": "2026-01-07T17:35:04.389Z"
    },
    "kdco/scribe": {
      "registry": "kdco",
      "version": "1.0.0",
      "hash": "758fe4dc0c0a2d7dc03261278746639c6b02172ef5d0628120e44ab71351fd80",
      "files": [
        ".opencode/agent/scribe.md"
      ],
      "installedAt": "2026-01-07T17:35:04.389Z"
    },
    "kdco/coder": {
      "registry": "kdco",
      "version": "1.0.0",
      "hash": "d7ad9717006ff75752e0ce1c123cb8849a4783856dc440de89ad72cb24fe267a",
      "files": [
        ".opencode/agent/coder.md"
      ],
      "installedAt": "2026-01-07T17:35:04.389Z"
    },
    "kdco/code-review": {
      "registry": "kdco",
      "version": "1.0.0",
      "hash": "8a19be50c6ec904a8c5a1a32ebaabb8499579206388114202e07d83954269d74",
      "files": [
        ".opencode/skill/code-review/SKILL.md"
      ],
      "installedAt": "2026-01-07T17:35:04.389Z"
    },
    "kdco/reviewer": {
      "registry": "kdco",
      "version": "1.0.0",
      "hash": "0e33ded3fbec985af8ee721b9206a751c21f640736d80bea45e33b310d1c30ef",
      "files": [
        ".opencode/agent/reviewer.md"
      ],
      "installedAt": "2026-01-07T17:35:04.389Z"
    },
    "kdco/review": {
      "registry": "kdco",
      "version": "1.0.0",
      "hash": "0825fe7b718b38e0ca74e6112b640da17d8a3b880056b860748b1c296875965c",
      "files": [
        ".opencode/command/review.md"
      ],
      "installedAt": "2026-01-07T17:35:04.389Z"
    },
    "kdco/notify": {
      "registry": "kdco",
      "version": "1.0.0",
      "hash": "1031d831c11b1ec9215c6e98f886d56c26d7827e7780d92e013c44d34c8a88ce",
      "files": [
        ".opencode/plugin/notify.ts"
      ],
      "installedAt": "2026-01-07T17:35:04.389Z"
    },
    "kdco/worktree": {
      "registry": "kdco",
      "version": "1.0.0",
      "hash": "401eaa2764652fec0612af39dac95accc87915479c21adeb49a8b159a5081d74",
      "files": [
        ".opencode/plugin/worktree.ts",
        ".opencode/plugin/worktree/state.ts",
        ".opencode/plugin/worktree/terminal.ts"
      ],
      "installedAt": "2026-01-07T17:35:04.390Z"
    },
    "kdco/workspace": {
      "registry": "kdco",
      "version": "1.0.0",
      "hash": "e3b0c44298fc1c149afbf4c8996fb92427ae41e4649b934ca495991b7852b855",
      "files": [],
      "installedAt": "2026-01-07T17:35:04.390Z"
    }
  }
}