{
  "lockfileVersion": 1,
  "configVersion": 1,
  "workspaces": {
    "": {
      "dependencies": {
        "@opencode-ai/plugin": "1.1.32",
      },
    },
  },
  "packages": {
    "@opencode-ai/plugin": ["@opencode-ai/plugin@1.1.32", "", { "dependencies": { "@opencode-ai/sdk": "1.1.32", "zod": "4.1.8" } }, "sha512-zrq6qMA5zLx2YPc38Q40CKL0RKBTW6I0EeHRcl51ryOSHeeipL/AadxRr8gv6dzRaVBse74YECF8K2qe/iGu3g=="],

    "@opencode-ai/sdk": ["@opencode-ai/sdk@1.1.32", "", {}, "sha512-BsEzZvXUYwtZNgJBiwbkhmov1LBW0Cwxn3WWjGw9xK1HJGK9NdZqfYqYbdQG9aen3j7gshqxcU5jTSZTzOSn1A=="],

    "zod": ["zod@4.1.8", "", {}, "sha512-5R1P+WwQqmmMIEACyzSvo4JXHY5WiAFHRMg+zBZKgKS+Q1viRa0C1hmUKtHltoIFKtIdki3pRxkmpP74jnNYHQ=="],
  }
}
